
Microsoft Visual Studio Solution File, Format Version 12.00
# Visual Studio Version 17
VisualStudioVersion = 17.9.34616.47
MinimumVisualStudioVersion = 10.0.40219.1
Project("{FAE04EC0-301F-11D3-BF4B-00C04F79EFBC}") = "_AutoMapper__", "_AutoMapper__\_AutoMapper__.csproj", "{E525B880-1D98-4944-ACC5-498861C2AF3E}"
EndProject
Global
	GlobalSection(SolutionConfigurationPlatforms) = preSolution
		Debug|Any CPU = Debug|Any CPU
		Release|Any CPU = Release|Any CPU
	EndGlobalSection
	GlobalSection(ProjectConfigurationPlatforms) = postSolution
		{E525B880-1D98-4944-ACC5-498861C2AF3E}.Debug|Any CPU.ActiveCfg = Debug|Any CPU
		{E525B880-1D98-4944-ACC5-498861C2AF3E}.Debug|Any CPU.Build.0 = Debug|Any CPU
		{E525B880-1D98-4944-ACC5-498861C2AF3E}.Release|Any CPU.ActiveCfg = Release|Any CPU
		{E525B880-1D98-4944-ACC5-498861C2AF3E}.Release|Any CPU.Build.0 = Release|Any CPU
	EndGlobalSection
	GlobalSection(SolutionProperties) = preSolution
		HideSolutionNode = FALSE
	EndGlobalSection
	GlobalSection(ExtensibilityGlobals) = postSolution
		SolutionGuid = {8DE90A8E-80CC-40C5-9A6A-57C53968B4F8}
	EndGlobalSection
EndGlobal
